{
  "lockfile_version": "1",
  "packages": {
    "bun@latest": {
      "last_modified": "2026-03-10T02:35:18Z",
      "resolved": "github:NixOS/nixpkgs/e607cb5360ff1234862ac9f8839522becb853bb9#bun",
      "source": "devbox-search",
      "version": "1.3.10",
      "systems": {
        "aarch64-darwin": {
          "outputs": [
            {
              "name": "out",
              "path": "/nix/store/421j82pv4gjmh9n2gchb4cs40hqfj20d-bun-1.3.10",
              "default": true
            }
          ],
          "store_path": "/nix/store/421j82pv4gjmh9n2gchb4cs40hqfj20d-bun-1.3.10"
        },
        "aarch64-linux": {
          "outputs": [
            {
              "name": "out",
              "path": "/nix/store/ffdcfkl3kpdwagswlwlff6qazxkj4cag-bun-1.3.10",
              "default": true
            }
          ],
          "store_path": "/nix/store/ffdcfkl3kpdwagswlwlff6qazxkj4cag-bun-1.3.10"
        },
        "x86_64-darwin": {
          "outputs": [
            {
              "name": "out",
              "path": "/nix/store/k6gj0kvvy9nrs87i646qxj9hr6fkchix-bun-1.3.10",
              "default": true
            }
          ],
          "store_path": "/nix/store/k6gj0kvvy9nrs87i646qxj9hr6fkchix-bun-1.3.10"
        },
        "x86_64-linux": {
          "outputs": [
            {
              "name": "out",
              "path": "/nix/store/ffgyf7g2n4gbhi1zgbcphssivfah1c4s-bun-1.3.10",
              "default": true
            }
          ],
          "store_path": "/nix/store/ffgyf7g2n4gbhi1zgbcphssivfah1c4s-bun-1.3.10"
        }
      }
    },
    "github:NixOS/nixpkgs/nixpkgs-unstable": {
      "resolved": "github:NixOS/nixpkgs/573c650e8a14b2faa0041645ab18aed7e60f0c9a?lastModified=1741865919&narHash=sha256-4thdbnP6dlbdq%2BqZWTsm4ffAwoS8Tiq1YResB%2BRP6WE%3D"
    },
    "mysql80@8.0.41": {
      "last_modified": "2025-04-17T05:47:26Z",
      "plugin_version": "0.0.4",
      "resolved": "github:NixOS/nixpkgs/ebe4301cbd8f81c4f8d3244b3632338bbeb6d49c#mysql80",
      "source": "devbox-search",
      "version": "8.0.41",
      "systems": {
        "aarch64-darwin": {
          "outputs": [
            {
              "name": "out",
              "path": "/nix/store/191q1vlvmw3940dx29pfcjch2jxmyqc7-mysql-8.0.41",
              "default": true
            },
            {
              "name": "static",
              "path": "/nix/store/vz4mmy5c7d5v4g028y8i6pyl735p98g2-mysql-8.0.41-static"
            }
          ],
          "store_path": "/nix/store/191q1vlvmw3940dx29pfcjch2jxmyqc7-mysql-8.0.41"
        },
        "aarch64-linux": {
          "outputs": [
            {
              "name": "out",
              "path": "/nix/store/rhs16d59b8hr6ri97zlz2zdxpqlmbpgg-mysql-8.0.41",
              "default": true
            },
            {
              "name": "static",
              "path": "/nix/store/z17r7m5qwabbbknnarwzk0dpi7dk49aj-mysql-8.0.41-static"
            }
          ],
          "store_path": "/nix/store/rhs16d59b8hr6ri97zlz2zdxpqlmbpgg-mysql-8.0.41"
        },
        "x86_64-darwin": {
          "outputs": [
            {
              "name": "out",
              "path": "/nix/store/mqqcs3bf86lrkian4j6csljicdycbknq-mysql-8.0.41",
              "default": true
            },
            {
              "name": "static",
              "path": "/nix/store/jqz7hl2pb52ibla514wns548rsvx8w86-mysql-8.0.41-static"
            }
          ],
          "store_path": "/nix/store/mqqcs3bf86lrkian4j6csljicdycbknq-mysql-8.0.41"
        },
        "x86_64-linux": {
          "outputs": [
            {
              "name": "out",
              "path": "/nix/store/jf96298nqcvb3c93q99skk0wr4nlh730-mysql-8.0.41",
              "default": true
            },
            {
              "name": "static",
              "path": "/nix/store/9cf7hga0h46yv5hwy8mfsfbqy0hd57qz-mysql-8.0.41-static"
            }
          ],
          "store_path": "/nix/store/jf96298nqcvb3c93q99skk0wr4nlh730-mysql-8.0.41"
        }
      }
    }
  }
}
