{
  "lockfile_version": "1",
  "packages": {
    "github:NixOS/nixpkgs/nixpkgs-unstable": {
      "resolved": "github:NixOS/nixpkgs/573c650e8a14b2faa0041645ab18aed7e60f0c9a?lastModified=1741865919&narHash=sha256-4thdbnP6dlbdq%2BqZWTsm4ffAwoS8Tiq1YResB%2BRP6WE%3D"
    },
    "mysql80@8.0.41": {
      "last_modified": "2025-04-17T05:47:26Z",
      "plugin_version": "0.0.4",
      "resolved": "github:NixOS/nixpkgs/ebe4301cbd8f81c4f8d3244b3632338bbeb6d49c#mysql80",
      "source": "devbox-search",
      "version": "8.0.41",
      "systems": {
        "aarch64-darwin": {
          "outputs": [
            {
              "name": "out",
              "path": "/nix/store/191q1vlvmw3940dx29pfcjch2jxmyqc7-mysql-8.0.41",
              "default": true
            },
            {
              "name": "static",
              "path": "/nix/store/vz4mmy5c7d5v4g028y8i6pyl735p98g2-mysql-8.0.41-static"
            }
          ],
          "store_path": "/nix/store/191q1vlvmw3940dx29pfcjch2jxmyqc7-mysql-8.0.41"
        },
        "aarch64-linux": {
          "outputs": [
            {
              "name": "out",
              "path": "/nix/store/rhs16d59b8hr6ri97zlz2zdxpqlmbpgg-mysql-8.0.41",
              "default": true
            },
            {
              "name": "static",
              "path": "/nix/store/z17r7m5qwabbbknnarwzk0dpi7dk49aj-mysql-8.0.41-static"
            }
          ],
          "store_path": "/nix/store/rhs16d59b8hr6ri97zlz2zdxpqlmbpgg-mysql-8.0.41"
        },
        "x86_64-darwin": {
          "outputs": [
            {
              "name": "out",
              "path": "/nix/store/mqqcs3bf86lrkian4j6csljicdycbknq-mysql-8.0.41",
              "default": true
            },
            {
              "name": "static",
              "path": "/nix/store/jqz7hl2pb52ibla514wns548rsvx8w86-mysql-8.0.41-static"
            }
          ],
          "store_path": "/nix/store/mqqcs3bf86lrkian4j6csljicdycbknq-mysql-8.0.41"
        },
        "x86_64-linux": {
          "outputs": [
            {
              "name": "out",
              "path": "/nix/store/jf96298nqcvb3c93q99skk0wr4nlh730-mysql-8.0.41",
              "default": true
            },
            {
              "name": "static",
              "path": "/nix/store/9cf7hga0h46yv5hwy8mfsfbqy0hd57qz-mysql-8.0.41-static"
            }
          ],
          "store_path": "/nix/store/jf96298nqcvb3c93q99skk0wr4nlh730-mysql-8.0.41"
        }
      }
    },
    "nodejs@latest": {
      "last_modified": "2024-05-17T18:08:26Z",
      "plugin_version": "0.0.2",
      "resolved": "github:NixOS/nixpkgs/0837fbf227364d79cbae8fff2378125526905cbe#nodejs_22",
      "source": "devbox-search",
      "version": "22.2.0",
      "systems": {
        "aarch64-darwin": {
          "outputs": [
            {
              "name": "out",
              "path": "/nix/store/g2mifb3z2wka9fhlzff0qzvjwxnhnig1-nodejs-22.2.0",
              "default": true
            },
            {
              "name": "libv8",
              "path": "/nix/store/hjffpl4s3j5qv8iinqlvcwx95pfr2ddi-nodejs-22.2.0-libv8"
            }
          ],
          "store_path": "/nix/store/g2mifb3z2wka9fhlzff0qzvjwxnhnig1-nodejs-22.2.0"
        },
        "aarch64-linux": {
          "outputs": [
            {
              "name": "out",
              "path": "/nix/store/01d6ijxb8cjqfbs4xab1x9kf48bvwz7s-nodejs-22.2.0",
              "default": true
            },
            {
              "name": "libv8",
              "path": "/nix/store/6lfcrb10vjw77vyyqq1pl88nk3cv36f7-nodejs-22.2.0-libv8"
            }
          ],
          "store_path": "/nix/store/01d6ijxb8cjqfbs4xab1x9kf48bvwz7s-nodejs-22.2.0"
        },
        "x86_64-darwin": {
          "outputs": [
            {
              "name": "out",
              "path": "/nix/store/lms38zag8ar0qinik8qbzpcwl7j5il7y-nodejs-22.2.0",
              "default": true
            },
            {
              "name": "libv8",
              "path": "/nix/store/as38kl6lz476v0aqzmqfs3m7dhi1v9bj-nodejs-22.2.0-libv8"
            }
          ],
          "store_path": "/nix/store/lms38zag8ar0qinik8qbzpcwl7j5il7y-nodejs-22.2.0"
        },
        "x86_64-linux": {
          "outputs": [
            {
              "name": "out",
              "path": "/nix/store/m27q12bf02cz5d430382nbd700d0fx8z-nodejs-22.2.0",
              "default": true
            },
            {
              "name": "libv8",
              "path": "/nix/store/3yhqvipi5hrxg9ykrvksxb9lm63xrfib-nodejs-22.2.0-libv8"
            }
          ],
          "store_path": "/nix/store/m27q12bf02cz5d430382nbd700d0fx8z-nodejs-22.2.0"
        }
      }
    }
  }
}
